
Microsoft Visual Studio Solution File, Format Version 12.00
# Visual Studio Version 17
VisualStudioVersion = 17.6.33723.286
MinimumVisualStudioVersion = 10.0.40219.1
Project("{2150E333-8FDC-42A3-9474-1A3956D46DE8}") = "1 - Presentation", "1 - Presentation", "{E9987D51-0E09-4305-8BF4-0CCC9D66D310}"
EndProject
Project("{2150E333-8FDC-42A3-9474-1A3956D46DE8}") = "2 - Services", "2 - Services", "{F4C3C640-632F-429C-AE67-CB842FE344FE}"
EndProject
Project("{2150E333-8FDC-42A3-9474-1A3956D46DE8}") = "3 - Application", "3 - Application", "{548F87F3-5A31-42C8-940C-6D7CDAFB6523}"
EndProject
Project("{2150E333-8FDC-42A3-9474-1A3956D46DE8}") = "4 - Domain", "4 - Domain", "{B6C0785A-6276-4C60-8F92-DAC883BD57E0}"
EndProject
Project("{2150E333-8FDC-42A3-9474-1A3956D46DE8}") = "5 - Infra", "5 - Infra", "{814EF39F-D5AC-4704-BB5A-511B474E776F}"
EndProject
Project("{2150E333-8FDC-42A3-9474-1A3956D46DE8}") = "5.1 - Data", "5.1 - Data", "{EBE53264-D3B7-4E65-A255-2176339B8156}"
EndProject
Project("{2150E333-8FDC-42A3-9474-1A3956D46DE8}") = "5.2 - CrossCutting", "5.2 - CrossCutting", "{894BD2A2-17A9-428F-A081-CE6FD79DA740}"
EndProject
Project("{FAE04EC0-301F-11D3-BF4B-00C04F79EFBC}") = "BallastLane.CrossCutting.Common", "src\BallastLane.CrossCutting.Common\BallastLane.CrossCutting.Common.csproj", "{A54E9B1B-059B-4B1F-8647-F674F6008F4F}"
EndProject
Project("{FAE04EC0-301F-11D3-BF4B-00C04F79EFBC}") = "BallastLane.Infra.CrossCutting.Bus", "src\BallastLane.Infra.CrossCutting.Bus\BallastLane.Infra.CrossCutting.Bus.csproj", "{FA3C7CA4-9418-4B27-A16C-BCD0CB102BAD}"
EndProject
Project("{FAE04EC0-301F-11D3-BF4B-00C04F79EFBC}") = "BallastLane.Infra.CrossCutting.Identity", "src\BallastLane.Infra.CrossCutting.Identity\BallastLane.Infra.CrossCutting.Identity.csproj", "{3F6017E4-36FF-49D8-91A8-C4E31E23D830}"
EndProject
Project("{FAE04EC0-301F-11D3-BF4B-00C04F79EFBC}") = "BallastLane.Infra.CrossCutting.IoC", "src\BallastLane.Infra.CrossCutting.IoC\BallastLane.Infra.CrossCutting.IoC.csproj", "{2C56EFC8-A0AF-4AC2-A89F-BF1F1FAA3AA2}"
EndProject
Project("{FAE04EC0-301F-11D3-BF4B-00C04F79EFBC}") = "BallastLane.Infra.Data", "src\BallastLane.Infra.Data\BallastLane.Infra.Data.csproj", "{E527F6CE-C1E0-4C92-A049-0DC3113B6C36}"
EndProject
Project("{FAE04EC0-301F-11D3-BF4B-00C04F79EFBC}") = "BallastLane.Domain.Core", "src\BallastLane.Domain.Core\BallastLane.Domain.Core.csproj", "{7D55DD3C-062B-4B64-AB22-4F56571BF332}"
EndProject
Project("{FAE04EC0-301F-11D3-BF4B-00C04F79EFBC}") = "BallastLane.Application", "src\BallastLane.Application\BallastLane.Application.csproj", "{F2304CFB-E3F8-4166-8864-4A18BE45DCB2}"
EndProject
Project("{FAE04EC0-301F-11D3-BF4B-00C04F79EFBC}") = "BallastLane.UI.Web", "src\BallastLane.UI.Web\BallastLane.UI.Web.csproj", "{BA82F33A-B4AB-4D2F-A915-9FECE749D36C}"
EndProject
Project("{FAE04EC0-301F-11D3-BF4B-00C04F79EFBC}") = "BallastLane.Services.Api", "src\BallastLane.Services.Api\BallastLane.Services.Api.csproj", "{B0575320-8341-4021-882E-9618C2579FFB}"
EndProject
Project("{FAE04EC0-301F-11D3-BF4B-00C04F79EFBC}") = "BallastLane.Domain", "src\BallastLane.Domain\BallastLane.Domain.csproj", "{0AE33477-74CC-4EAD-A507-D0731B8DA86E}"
EndProject
Global
	GlobalSection(SolutionConfigurationPlatforms) = preSolution
		Debug|Any CPU = Debug|Any CPU
		Release|Any CPU = Release|Any CPU
	EndGlobalSection
	GlobalSection(ProjectConfigurationPlatforms) = postSolution
		{A54E9B1B-059B-4B1F-8647-F674F6008F4F}.Debug|Any CPU.ActiveCfg = Debug|Any CPU
		{A54E9B1B-059B-4B1F-8647-F674F6008F4F}.Debug|Any CPU.Build.0 = Debug|Any CPU
		{A54E9B1B-059B-4B1F-8647-F674F6008F4F}.Release|Any CPU.ActiveCfg = Release|Any CPU
		{A54E9B1B-059B-4B1F-8647-F674F6008F4F}.Release|Any CPU.Build.0 = Release|Any CPU
		{FA3C7CA4-9418-4B27-A16C-BCD0CB102BAD}.Debug|Any CPU.ActiveCfg = Debug|Any CPU
		{FA3C7CA4-9418-4B27-A16C-BCD0CB102BAD}.Debug|Any CPU.Build.0 = Debug|Any CPU
		{FA3C7CA4-9418-4B27-A16C-BCD0CB102BAD}.Release|Any CPU.ActiveCfg = Release|Any CPU
		{FA3C7CA4-9418-4B27-A16C-BCD0CB102BAD}.Release|Any CPU.Build.0 = Release|Any CPU
		{3F6017E4-36FF-49D8-91A8-C4E31E23D830}.Debug|Any CPU.ActiveCfg = Debug|Any CPU
		{3F6017E4-36FF-49D8-91A8-C4E31E23D830}.Debug|Any CPU.Build.0 = Debug|Any CPU
		{3F6017E4-36FF-49D8-91A8-C4E31E23D830}.Release|Any CPU.ActiveCfg = Release|Any CPU
		{3F6017E4-36FF-49D8-91A8-C4E31E23D830}.Release|Any CPU.Build.0 = Release|Any CPU
		{2C56EFC8-A0AF-4AC2-A89F-BF1F1FAA3AA2}.Debug|Any CPU.ActiveCfg = Debug|Any CPU
		{2C56EFC8-A0AF-4AC2-A89F-BF1F1FAA3AA2}.Debug|Any CPU.Build.0 = Debug|Any CPU
		{2C56EFC8-A0AF-4AC2-A89F-BF1F1FAA3AA2}.Release|Any CPU.ActiveCfg = Release|Any CPU
		{2C56EFC8-A0AF-4AC2-A89F-BF1F1FAA3AA2}.Release|Any CPU.Build.0 = Release|Any CPU
		{E527F6CE-C1E0-4C92-A049-0DC3113B6C36}.Debug|Any CPU.ActiveCfg = Debug|Any CPU
		{E527F6CE-C1E0-4C92-A049-0DC3113B6C36}.Debug|Any CPU.Build.0 = Debug|Any CPU
		{E527F6CE-C1E0-4C92-A049-0DC3113B6C36}.Release|Any CPU.ActiveCfg = Release|Any CPU
		{E527F6CE-C1E0-4C92-A049-0DC3113B6C36}.Release|Any CPU.Build.0 = Release|Any CPU
		{7D55DD3C-062B-4B64-AB22-4F56571BF332}.Debug|Any CPU.ActiveCfg = Debug|Any CPU
		{7D55DD3C-062B-4B64-AB22-4F56571BF332}.Debug|Any CPU.Build.0 = Debug|Any CPU
		{7D55DD3C-062B-4B64-AB22-4F56571BF332}.Release|Any CPU.ActiveCfg = Release|Any CPU
		{7D55DD3C-062B-4B64-AB22-4F56571BF332}.Release|Any CPU.Build.0 = Release|Any CPU
		{F2304CFB-E3F8-4166-8864-4A18BE45DCB2}.Debug|Any CPU.ActiveCfg = Debug|Any CPU
		{F2304CFB-E3F8-4166-8864-4A18BE45DCB2}.Debug|Any CPU.Build.0 = Debug|Any CPU
		{F2304CFB-E3F8-4166-8864-4A18BE45DCB2}.Release|Any CPU.ActiveCfg = Release|Any CPU
		{F2304CFB-E3F8-4166-8864-4A18BE45DCB2}.Release|Any CPU.Build.0 = Release|Any CPU
		{BA82F33A-B4AB-4D2F-A915-9FECE749D36C}.Debug|Any CPU.ActiveCfg = Debug|Any CPU
		{BA82F33A-B4AB-4D2F-A915-9FECE749D36C}.Debug|Any CPU.Build.0 = Debug|Any CPU
		{BA82F33A-B4AB-4D2F-A915-9FECE749D36C}.Release|Any CPU.ActiveCfg = Release|Any CPU
		{BA82F33A-B4AB-4D2F-A915-9FECE749D36C}.Release|Any CPU.Build.0 = Release|Any CPU
		{B0575320-8341-4021-882E-9618C2579FFB}.Debug|Any CPU.ActiveCfg = Debug|Any CPU
		{B0575320-8341-4021-882E-9618C2579FFB}.Debug|Any CPU.Build.0 = Debug|Any CPU
		{B0575320-8341-4021-882E-9618C2579FFB}.Release|Any CPU.ActiveCfg = Release|Any CPU
		{B0575320-8341-4021-882E-9618C2579FFB}.Release|Any CPU.Build.0 = Release|Any CPU
		{0AE33477-74CC-4EAD-A507-D0731B8DA86E}.Debug|Any CPU.ActiveCfg = Debug|Any CPU
		{0AE33477-74CC-4EAD-A507-D0731B8DA86E}.Debug|Any CPU.Build.0 = Debug|Any CPU
		{0AE33477-74CC-4EAD-A507-D0731B8DA86E}.Release|Any CPU.ActiveCfg = Release|Any CPU
		{0AE33477-74CC-4EAD-A507-D0731B8DA86E}.Release|Any CPU.Build.0 = Release|Any CPU
	EndGlobalSection
	GlobalSection(SolutionProperties) = preSolution
		HideSolutionNode = FALSE
	EndGlobalSection
	GlobalSection(NestedProjects) = preSolution
		{EBE53264-D3B7-4E65-A255-2176339B8156} = {814EF39F-D5AC-4704-BB5A-511B474E776F}
		{894BD2A2-17A9-428F-A081-CE6FD79DA740} = {814EF39F-D5AC-4704-BB5A-511B474E776F}
		{A54E9B1B-059B-4B1F-8647-F674F6008F4F} = {894BD2A2-17A9-428F-A081-CE6FD79DA740}
		{FA3C7CA4-9418-4B27-A16C-BCD0CB102BAD} = {894BD2A2-17A9-428F-A081-CE6FD79DA740}
		{3F6017E4-36FF-49D8-91A8-C4E31E23D830} = {894BD2A2-17A9-428F-A081-CE6FD79DA740}
		{2C56EFC8-A0AF-4AC2-A89F-BF1F1FAA3AA2} = {894BD2A2-17A9-428F-A081-CE6FD79DA740}
		{E527F6CE-C1E0-4C92-A049-0DC3113B6C36} = {EBE53264-D3B7-4E65-A255-2176339B8156}
		{7D55DD3C-062B-4B64-AB22-4F56571BF332} = {B6C0785A-6276-4C60-8F92-DAC883BD57E0}
		{F2304CFB-E3F8-4166-8864-4A18BE45DCB2} = {548F87F3-5A31-42C8-940C-6D7CDAFB6523}
		{BA82F33A-B4AB-4D2F-A915-9FECE749D36C} = {E9987D51-0E09-4305-8BF4-0CCC9D66D310}
		{B0575320-8341-4021-882E-9618C2579FFB} = {F4C3C640-632F-429C-AE67-CB842FE344FE}
		{0AE33477-74CC-4EAD-A507-D0731B8DA86E} = {B6C0785A-6276-4C60-8F92-DAC883BD57E0}
	EndGlobalSection
	GlobalSection(ExtensibilityGlobals) = postSolution
		SolutionGuid = {A60450B0-804C-4524-90A7-AEB877116841}
	EndGlobalSection
EndGlobal
